
Microsoft Visual Studio Solution File, Format Version 12.00
# Visual Studio 2013
VisualStudioVersion = 12.0.21005.1
MinimumVisualStudioVersion = 10.0.40219.1
Project("{888888A0-9F3D-457C-B088-3A5042F75D52}") = "particleFilterWithGUI", "particleFilterWithGUI\particleFilterWithGUI.pyproj", "{EA893FFE-8AA7-4790-B77D-302EBA4CDA7A}"
EndProject
Global
	GlobalSection(SolutionConfigurationPlatforms) = preSolution
		Debug|Any CPU = Debug|Any CPU
		Release|Any CPU = Release|Any CPU
	EndGlobalSection
	GlobalSection(ProjectConfigurationPlatforms) = postSolution
		{EA893FFE-8AA7-4790-B77D-302EBA4CDA7A}.Debug|Any CPU.ActiveCfg = Debug|Any CPU
		{EA893FFE-8AA7-4790-B77D-302EBA4CDA7A}.Release|Any CPU.ActiveCfg = Release|Any CPU
	EndGlobalSection
	GlobalSection(SolutionProperties) = preSolution
		HideSolutionNode = FALSE
	EndGlobalSection
EndGlobal
